github.com/PurpleSec/logx v1.6.0 h1:Izt49BihGlDDPjWYccIbFTVoKfjS53Uv6hDvp9rd4bE=
github.com/PurpleSec/logx v1.6.0/go.mod h1:tkLK6CqkhkRSVejDMVgZa0jTq97aRikVNjAON9iUiK0=
github.com/PurpleSec/logx v1.6.1 h1:0MCHXb1N9RREkg6FAQB624bkzzl/irlVcVV5DVMRAgo=
github.com/PurpleSec/logx v1.6.1/go.mod h1:tkLK6CqkhkRSVejDMVgZa0jTq97aRikVNjAON9iUiK0=
github.com/PurpleSec/mapper v1.6.0 h1:5pi7/KmwWGKFl9KWlUKxe6GT1x9EDROEHvf/QVbmmEc=
github.com/PurpleSec/mapper v1.6.0/go.mod h1:JG1Dz4MqBCLDqTLp+k9l9eDLEGU3Ed16iFpzx5yb3oI=
github.com/PurpleSec/mapper v1.6.1 h1:VGgNLnVn2f98czUH+wWxjLjxekJ07pcFI1GOZOdBPpo=
github.com/PurpleSec/mapper v1.6.1/go.mod h1:QjfHBbW6bdCFHZ4tDI7i+pgTYfl8vyr60bmwxhuyDGs=
github.com/PurpleSec/mapper v1.6.2 h1:2H+pnUs0xmmYwFEWsMY0gPNDXh0ScutBpf5EUPlbQe4=
github.com/PurpleSec/mapper v1.6.2/go.mod h1:4RLzc/9V0sC5ryKyu8ZJRWJV+c9tFNvpR40moE2sN1g=
github.com/go-sql-driver/mysql v1.6.0 h1:BCTh4TKNUYmOmMUcQ3IipzF5prigylS7XXjEkfCHuOE=
github.com/go-sql-driver/mysql v1.6.0/go.mod h1:DCzpHaOWr8IXmIStZouvnhqoel9Qv2LBy8hT2VhHyBg=
github.com/go-telegram-bot-api/telegram-bot-api v4.6.4+incompatible h1:2cauKuaELYAEARXRkq2LrJ0yDDv1rW7+wrTEdVL3uaU=
github.com/go-telegram-bot-api/telegram-bot-api v4.6.4+incompatible/go.mod h1:qf9acutJ8cwBUhm1bqgz6Bei9/C/c93FPDljKWwsOgM=
github.com/technoweenie/multipartstreamer v1.0.1 h1:XRztA5MXiR1TIRHxH2uNxXxaIkKQDeX7m2XsSOlQEnM=
github.com/technoweenie/multipartstreamer v1.0.1/go.mod h1:jNVxdtShOxzAsukZwTSw6MDx5eUJoiEBsSvzDU9uzog=
